{
  "name": "Vouch-Penmanship",
  "lockfileVersion": 2,
  "requires": true,
  "packages": {
    "": {
      "dependencies": {
        "react-tsparticles": "^2.7.1",
        "tsparticles": "^2.7.1"
      }
    },
    "node_modules/fast-deep-equal": {
      "version": "3.1.3",
      "resolved": "https://registry.npmjs.org/fast-deep-equal/-/fast-deep-equal-3.1.3.tgz",
      "integrity": "sha512-f3qQ9oQy9j2AhBe/H9VC91wLmKBCCU/gDOnKNAYG5hswO7BLKj09Hc5HYNz9cGI++xlpDCIgDaitVs03ATR84Q=="
    },
    "node_modules/js-tokens": {
      "version": "4.0.0",
      "resolved": "https://registry.npmjs.org/js-tokens/-/js-tokens-4.0.0.tgz",
      "integrity": "sha512-RdJUflcE3cUzKiMqQgsCu06FPu9UdIJO0beYbPhHN4k6apgJtifcoCtT9bcxOpYBtpD2kCM6Sbzg4CausW/PKQ==",
      "peer": true
    },
    "node_modules/loose-envify": {
      "version": "1.4.0",
      "resolved": "https://registry.npmjs.org/loose-envify/-/loose-envify-1.4.0.tgz",
      "integrity": "sha512-lyuxPGr/Wfhrlem2CL/UcnUc1zcqKAImBDzukY7Y5F/yQiNdko6+fRLevlw1HgMySw7f611UIY408EtxRSoK3Q==",
      "peer": true,
      "dependencies": {
        "js-tokens": "^3.0.0 || ^4.0.0"
      },
      "bin": {
        "loose-envify": "cli.js"
      }
    },
    "node_modules/react": {
      "version": "18.2.0",
      "resolved": "https://registry.npmjs.org/react/-/react-18.2.0.tgz",
      "integrity": "sha512-/3IjMdb2L9QbBdWiW5e3P2/npwMBaU9mHCSCUzNln0ZCYbcfTsGbTJrU/kGemdH2IWmB2ioZ+zkxtmq6g09fGQ==",
      "peer": true,
      "dependencies": {
        "loose-envify": "^1.1.0"
      },
      "engines": {
        "node": ">=0.10.0"
      }
    },
    "node_modules/react-tsparticles": {
      "version": "2.7.1",
      "resolved": "https://registry.npmjs.org/react-tsparticles/-/react-tsparticles-2.7.1.tgz",
      "integrity": "sha512-r3ogLLkob11KDsXSC8EsvgPgDutmmNOMqYiD1KLRoSz5t1W3WODs3eS370Bzr9bgRjYZSajTHeT5cXMzY1G/Gg==",
      "funding": [
        {
          "type": "github",
          "url": "https://github.com/sponsors/matteobruni"
        },
        {
          "type": "buymeacoffee",
          "url": "https://www.buymeacoffee.com/matteobruni"
        }
      ],
      "hasInstallScript": true,
      "dependencies": {
        "fast-deep-equal": "^3.1.3",
        "tsparticles-engine": "^2.7.1"
      },
      "peerDependencies": {
        "react": ">=16"
      }
    },
    "node_modules/tsparticles": {
      "version": "2.7.1",
      "resolved": "https://registry.npmjs.org/tsparticles/-/tsparticles-2.7.1.tgz",
      "integrity": "sha512-W8hVaUBnXOGHiaJfgFCpgYd0aisp5j4Pv/Oo+K21B5GzpGudi6XbwGAK8GX5x214yQG8VM3+uGUIRnha97DVtg==",
      "dependencies": {
        "tsparticles-engine": "^2.7.1",
        "tsparticles-interaction-external-trail": "^2.7.1",
        "tsparticles-plugin-absorbers": "^2.7.1",
        "tsparticles-plugin-emitters": "^2.7.1",
        "tsparticles-slim": "^2.7.1",
        "tsparticles-updater-destroy": "^2.7.1",
        "tsparticles-updater-roll": "^2.7.1",
        "tsparticles-updater-tilt": "^2.7.1",
        "tsparticles-updater-twinkle": "^2.7.1",
        "tsparticles-updater-wobble": "^2.7.1"
      },
      "funding": {
        "type": "github",
        "url": "https://github.com/sponsors/matteobruni"
      }
    },
    "node_modules/tsparticles-engine": {
      "version": "2.7.1",
      "resolved": "https://registry.npmjs.org/tsparticles-engine/-/tsparticles-engine-2.7.1.tgz",
      "integrity": "sha512-iUjaagXDyYuJi107yADrLegIQ1jHe658JJQUv6+Fd/DRLrmuBU4XrzaxlERv72LHUrZtk1E/WmnOpeIw1AJzFQ==",
      "funding": [
        {
          "type": "github",
          "url": "https://github.com/sponsors/matteobruni"
        },
        {
          "type": "buymeacoffee",
          "url": "https://www.buymeacoffee.com/matteobruni"
        }
      ],
      "hasInstallScript": true
    },
    "node_modules/tsparticles-interaction-external-attract": {
      "version": "2.7.1",
      "resolved": "https://registry.npmjs.org/tsparticles-interaction-external-attract/-/tsparticles-interaction-external-attract-2.7.1.tgz",
      "integrity": "sha512-Jjs4MKajd7RFzwQd8BlyKXLar8RpnmN2g89v9+g0XgsUeh/kw/aDu7kITzX2JbKpSe72jlIt465ZeWprxC5vMw==",
      "dependencies": {
        "tsparticles-engine": "^2.7.1"
      }
    },
    "node_modules/tsparticles-interaction-external-bounce": {
      "version": "2.7.1",
      "resolved": "https://registry.npmjs.org/tsparticles-interaction-external-bounce/-/tsparticles-interaction-external-bounce-2.7.1.tgz",
      "integrity": "sha512-HIsuxuLaPcQWByjzysmvOVTgdhgVdFl63IMFuxNUUTiFG5Fbr4e6SwBgjyQzksZCmUzR7k0KczXTQBqSNraCcA==",
      "dependencies": {
        "tsparticles-engine": "^2.7.1"
      }
    },
    "node_modules/tsparticles-interaction-external-bubble": {
      "version": "2.7.1",
      "resolved": "https://registry.npmjs.org/tsparticles-interaction-external-bubble/-/tsparticles-interaction-external-bubble-2.7.1.tgz",
      "integrity": "sha512-m1LlIkW/V+uGDDG8q7c0km2BgkUQeBlxyndOPvWiS+61rCruMR/l1nshcss7H+lC7TVOlKPp5VEfdvH1BL2uXg==",
      "dependencies": {
        "tsparticles-engine": "^2.7.1"
      }
    },
    "node_modules/tsparticles-interaction-external-connect": {
      "version": "2.7.1",
      "resolved": "https://registry.npmjs.org/tsparticles-interaction-external-connect/-/tsparticles-interaction-external-connect-2.7.1.tgz",
      "integrity": "sha512-U1XQaNpT6vjQ/jc7U78AxMx+Zy5NQeVQmGZKa5hXrHNt974HEmJPFur5zQs2gWVv3p3sCLkXYB86/UU+Zt8lWQ==",
      "dependencies": {
        "tsparticles-engine": "^2.7.1"
      }
    },
    "node_modules/tsparticles-interaction-external-grab": {
      "version": "2.7.1",
      "resolved": "https://registry.npmjs.org/tsparticles-interaction-external-grab/-/tsparticles-interaction-external-grab-2.7.1.tgz",
      "integrity": "sha512-SIzcN64zN4us19lddB6P+jygTSK7C9VUxzzhk+Q7FuSB/ThubOZCJZpI79LgRS06N4iCUusbBJKQCv+Otfi3Vg==",
      "dependencies": {
        "tsparticles-engine": "^2.7.1"
      }
    },
    "node_modules/tsparticles-interaction-external-pause": {
      "version": "2.7.1",
      "resolved": "https://registry.npmjs.org/tsparticles-interaction-external-pause/-/tsparticles-interaction-external-pause-2.7.1.tgz",
      "integrity": "sha512-pAV84JSELFQQtZd65H7+CbN7V7COSp+SWLfqP7GNMt3U6LDDeHwM0Su9e7QaDd0JO42ofQu8r/P4QBrwBDdRCw==",
      "dependencies": {
        "tsparticles-engine": "^2.7.1"
      }
    },
    "node_modules/tsparticles-interaction-external-push": {
      "version": "2.7.1",
      "resolved": "https://registry.npmjs.org/tsparticles-interaction-external-push/-/tsparticles-interaction-external-push-2.7.1.tgz",
      "integrity": "sha512-Ojg7/w2cElZ2qzR78uXDJWiVUxs1yzB5zLaYPFxI3hat63GsX1+1jWL4YMV1cb3BEpzOK+Tck+l+LtBeNQ3sLA==",
      "dependencies": {
        "tsparticles-engine": "^2.7.1"
      }
    },
    "node_modules/tsparticles-interaction-external-remove": {
      "version": "2.7.1",
      "resolved": "https://registry.npmjs.org/tsparticles-interaction-external-remove/-/tsparticles-interaction-external-remove-2.7.1.tgz",
      "integrity": "sha512-KJV+WUW2xR+ym4nzgYKIOiKB5a/WZr8aKA6f8ug7xAAPFyTGAye+rWYNf3RdFoziqLe86M+YFOteOg3VKTlrSA==",
      "dependencies": {
        "tsparticles-engine": "^2.7.1"
      }
    },
    "node_modules/tsparticles-interaction-external-repulse": {
      "version": "2.7.1",
      "resolved": "https://registry.npmjs.org/tsparticles-interaction-external-repulse/-/tsparticles-interaction-external-repulse-2.7.1.tgz",
      "integrity": "sha512-VThfYODxxhEeuR9oc+914qjTEv0bpG/IDkNLKyCdcr3N/Zf5MJqvrSXmHumPuD6a82lzMUukO12HNVkIUbtTbw==",
      "dependencies": {
        "tsparticles-engine": "^2.7.1"
      }
    },
    "node_modules/tsparticles-interaction-external-slow": {
      "version": "2.7.1",
      "resolved": "https://registry.npmjs.org/tsparticles-interaction-external-slow/-/tsparticles-interaction-external-slow-2.7.1.tgz",
      "integrity": "sha512-Gb9xzGrAr2uEB3kvICz8oMjDZ76dJ/yeaLwWIrMnqjcs2xFhc0JpXjHFISxzujvY52O8uTJVzLn6Cq4IaMOHZw==",
      "dependencies": {
        "tsparticles-engine": "^2.7.1"
      }
    },
    "node_modules/tsparticles-interaction-external-trail": {
      "version": "2.7.1",
      "resolved": "https://registry.npmjs.org/tsparticles-interaction-external-trail/-/tsparticles-interaction-external-trail-2.7.1.tgz",
      "integrity": "sha512-5iBPCWeEBZTuzyVOZ6+PwZHV8+P4E1I1c4ymnORl4AVznOu9heCe96vNGzH06T7YJpK/aSXtx8ppLRBdRyNvZQ==",
      "dependencies": {
        "tsparticles-engine": "^2.7.1"
      }
    },
    "node_modules/tsparticles-interaction-particles-attract": {
      "version": "2.7.1",
      "resolved": "https://registry.npmjs.org/tsparticles-interaction-particles-attract/-/tsparticles-interaction-particles-attract-2.7.1.tgz",
      "integrity": "sha512-DYpO4BdXpKgLczd6Znxh5ma2LL7KYZcDpm28StQUKsnE8Q5QRaMsvXAQMLpUR+3b9fkDswuoxy0lq8RkhMXNuA==",
      "dependencies": {
        "tsparticles-engine": "^2.7.1"
      }
    },
    "node_modules/tsparticles-interaction-particles-collisions": {
      "version": "2.7.1",
      "resolved": "https://registry.npmjs.org/tsparticles-interaction-particles-collisions/-/tsparticles-interaction-particles-collisions-2.7.1.tgz",
      "integrity": "sha512-AyVvZxcdb3LUdqxNePRVS9sA0+uP91mZidWwA5xTMfXK7kp3vWyHYKEkSN4BRFs4L3QYjFEgf56LnxKdc4wM0g==",
      "dependencies": {
        "tsparticles-engine": "^2.7.1"
      }
    },
    "node_modules/tsparticles-interaction-particles-links": {
      "version": "2.7.1",
      "resolved": "https://registry.npmjs.org/tsparticles-interaction-particles-links/-/tsparticles-interaction-particles-links-2.7.1.tgz",
      "integrity": "sha512-ugHzaONF3sFzD+44oToQbthbewj7HUfakMJ7WS+iba5IF0qmA4d95cuipjhONiiqbgD7zk8uALyeTqZUkFTffw==",
      "dependencies": {
        "tsparticles-engine": "^2.7.1"
      }
    },
    "node_modules/tsparticles-move-base": {
      "version": "2.7.1",
      "resolved": "https://registry.npmjs.org/tsparticles-move-base/-/tsparticles-move-base-2.7.1.tgz",
      "integrity": "sha512-RqxMN0j/YzPOABeKNOsvQ9cgGeoQKWV1pl9sInCUzvyOpKjeXtv+dN4+NjF6s78hcVYt3yFKmr4jsaD0RJBpNw==",
      "dependencies": {
        "tsparticles-engine": "^2.7.1"
      }
    },
    "node_modules/tsparticles-move-parallax": {
      "version": "2.7.1",
      "resolved": "https://registry.npmjs.org/tsparticles-move-parallax/-/tsparticles-move-parallax-2.7.1.tgz",
      "integrity": "sha512-B4D8FTDzaR6vpY9+aCa2pBZhqsHgijdrIuH7QgzF4Q2AWULeYfXwaA1SHf7krY9jwHPKDUfHI5QqpcRyzEu7Xg==",
      "dependencies": {
        "tsparticles-engine": "^2.7.1"
      }
    },
    "node_modules/tsparticles-particles.js": {
      "version": "2.7.1",
      "resolved": "https://registry.npmjs.org/tsparticles-particles.js/-/tsparticles-particles.js-2.7.1.tgz",
      "integrity": "sha512-sHK9clm2qUJbxqra7djl2x7ZIY6QHUGMNGq4HF7K33i/vzjcN3ODZMqITAX+GNz9OuqViF9q9HZ20Z4nwxUl/g==",
      "dependencies": {
        "tsparticles-engine": "^2.7.1"
      },
      "funding": {
        "type": "github",
        "url": "https://github.com/sponsors/matteobruni"
      }
    },
    "node_modules/tsparticles-plugin-absorbers": {
      "version": "2.7.1",
      "resolved": "https://registry.npmjs.org/tsparticles-plugin-absorbers/-/tsparticles-plugin-absorbers-2.7.1.tgz",
      "integrity": "sha512-nh0MOSdYTkEsl/hIrxUCRV/9mRvh1LJjHKIAHg/V/5S03xITLF3Au9PaUrH4q9hoZbKinQqfW/+TWcfdDHVmrQ==",
      "dependencies": {
        "tsparticles-engine": "^2.7.1"
      }
    },
    "node_modules/tsparticles-plugin-easing-quad": {
      "version": "2.7.1",
      "resolved": "https://registry.npmjs.org/tsparticles-plugin-easing-quad/-/tsparticles-plugin-easing-quad-2.7.1.tgz",
      "integrity": "sha512-nM7gffi7cvVxL0Xa50FG9Lk72F2Q1pOeMroGVZgb0reDtlUgihGXrZwW2shnrSa6/owDrFMpi5T0UaDbyS5JOg==",
      "funding": [
        {
          "type": "github",
          "url": "https://github.com/sponsors/matteobruni"
        },
        {
          "type": "buymeacoffee",
          "url": "https://www.buymeacoffee.com/matteobruni"
        }
      ],
      "dependencies": {
        "tsparticles-engine": "^2.7.1"
      }
    },
    "node_modules/tsparticles-plugin-emitters": {
      "version": "2.7.1",
      "resolved": "https://registry.npmjs.org/tsparticles-plugin-emitters/-/tsparticles-plugin-emitters-2.7.1.tgz",
      "integrity": "sha512-8R8KZw/MewiJQm/551KVgJvGtcxotZY6OveXWGvRkZmrrkBprJnxZH7CbQuQ7u/8Vy6HTJ1kBhr4XpxRAIumfA==",
      "dependencies": {
        "tsparticles-engine": "^2.7.1"
      }
    },
    "node_modules/tsparticles-shape-circle": {
      "version": "2.7.1",
      "resolved": "https://registry.npmjs.org/tsparticles-shape-circle/-/tsparticles-shape-circle-2.7.1.tgz",
      "integrity": "sha512-rTNjH8EwP1tL+oOqgu8b0FDdhGKXDPBVqRIew6H3APVVP/5HNbVb9fwpBPLvHtHC0cpfg/WgXanx9QqZxrEXWQ==",
      "dependencies": {
        "tsparticles-engine": "^2.7.1"
      }
    },
    "node_modules/tsparticles-shape-image": {
      "version": "2.7.1",
      "resolved": "https://registry.npmjs.org/tsparticles-shape-image/-/tsparticles-shape-image-2.7.1.tgz",
      "integrity": "sha512-mvzd0hwTdYNe7+wh7+u5hG0v0DmTVnk3zAAcKmv7lR5qesW3mms2GntwhmyV/CSThYsk33T25fl5xa7G7ZKQVg==",
      "dependencies": {
        "tsparticles-engine": "^2.7.1"
      }
    },
    "node_modules/tsparticles-shape-line": {
      "version": "2.7.1",
      "resolved": "https://registry.npmjs.org/tsparticles-shape-line/-/tsparticles-shape-line-2.7.1.tgz",
      "integrity": "sha512-u1/OeVM3zKGZWzPlX2qxh8MvAZP6D96NtlRLfa2akX4HD2gfVgSucocdFAIaXnVrtTdWK7YQeMmyaj+j9SRwpA==",
      "dependencies": {
        "tsparticles-engine": "^2.7.1"
      }
    },
    "node_modules/tsparticles-shape-polygon": {
      "version": "2.7.1",
      "resolved": "https://registry.npmjs.org/tsparticles-shape-polygon/-/tsparticles-shape-polygon-2.7.1.tgz",
      "integrity": "sha512-8F7MGEeiAEbQPQiNtUTjzju42bv7vyb0JFc+HpZaEQCYKOOOkpo6hBCok/PLJ1Gu6n/86LrbXcbOc2X1cA1Ovw==",
      "dependencies": {
        "tsparticles-engine": "^2.7.1"
      }
    },
    "node_modules/tsparticles-shape-square": {
      "version": "2.7.1",
      "resolved": "https://registry.npmjs.org/tsparticles-shape-square/-/tsparticles-shape-square-2.7.1.tgz",
      "integrity": "sha512-HMsQVO8D+oMVMP74Q8HFje3oP6bEcu9hse78osLgFCmm6/FDtJw+qk41e8I6GHSKBXYN5o5J3bInUk5yJdWtPQ==",
      "dependencies": {
        "tsparticles-engine": "^2.7.1"
      }
    },
    "node_modules/tsparticles-shape-star": {
      "version": "2.7.1",
      "resolved": "https://registry.npmjs.org/tsparticles-shape-star/-/tsparticles-shape-star-2.7.1.tgz",
      "integrity": "sha512-mrFeQut1RH3YytCNsdOApeH+ow+4bwUQQuyNwbdRGZbElaRtAm4DzLMpHl50okoSs8Z9e1gFK1HAXxb8FOmCWg==",
      "dependencies": {
        "tsparticles-engine": "^2.7.1"
      }
    },
    "node_modules/tsparticles-shape-text": {
      "version": "2.7.1",
      "resolved": "https://registry.npmjs.org/tsparticles-shape-text/-/tsparticles-shape-text-2.7.1.tgz",
      "integrity": "sha512-ZX/c4EHDdPKZsdHegwrmHQCAzyzzG30dLEMq1AUtgn0DW75TpgVRAGooBmwInYUBlyZJ/3T3OA38vVlpUAD4oQ==",
      "dependencies": {
        "tsparticles-engine": "^2.7.1"
      }
    },
    "node_modules/tsparticles-slim": {
      "version": "2.7.1",
      "resolved": "https://registry.npmjs.org/tsparticles-slim/-/tsparticles-slim-2.7.1.tgz",
      "integrity": "sha512-OqXFceVKnevz67V9Mglc2DgloxU047D3jjlBlb1Yz1/i6s60lAu+XigFyQtagcnYDTxNuuI2vJzP+sewT+22uw==",
      "dependencies": {
        "tsparticles-engine": "^2.7.1",
        "tsparticles-interaction-external-attract": "^2.7.1",
        "tsparticles-interaction-external-bounce": "^2.7.1",
        "tsparticles-interaction-external-bubble": "^2.7.1",
        "tsparticles-interaction-external-connect": "^2.7.1",
        "tsparticles-interaction-external-grab": "^2.7.1",
        "tsparticles-interaction-external-pause": "^2.7.1",
        "tsparticles-interaction-external-push": "^2.7.1",
        "tsparticles-interaction-external-remove": "^2.7.1",
        "tsparticles-interaction-external-repulse": "^2.7.1",
        "tsparticles-interaction-external-slow": "^2.7.1",
        "tsparticles-interaction-particles-attract": "^2.7.1",
        "tsparticles-interaction-particles-collisions": "^2.7.1",
        "tsparticles-interaction-particles-links": "^2.7.1",
        "tsparticles-move-base": "^2.7.1",
        "tsparticles-move-parallax": "^2.7.1",
        "tsparticles-particles.js": "^2.7.1",
        "tsparticles-plugin-easing-quad": "^2.7.1",
        "tsparticles-shape-circle": "^2.7.1",
        "tsparticles-shape-image": "^2.7.1",
        "tsparticles-shape-line": "^2.7.1",
        "tsparticles-shape-polygon": "^2.7.1",
        "tsparticles-shape-square": "^2.7.1",
        "tsparticles-shape-star": "^2.7.1",
        "tsparticles-shape-text": "^2.7.1",
        "tsparticles-updater-angle": "^2.7.1",
        "tsparticles-updater-color": "^2.7.1",
        "tsparticles-updater-life": "^2.7.1",
        "tsparticles-updater-opacity": "^2.7.1",
        "tsparticles-updater-out-modes": "^2.7.1",
        "tsparticles-updater-size": "^2.7.1",
        "tsparticles-updater-stroke-color": "^2.7.1"
      },
      "funding": {
        "type": "github",
        "url": "https://github.com/sponsors/matteobruni"
      }
    },
    "node_modules/tsparticles-updater-angle": {
      "version": "2.7.1",
      "resolved": "https://registry.npmjs.org/tsparticles-updater-angle/-/tsparticles-updater-angle-2.7.1.tgz",
      "integrity": "sha512-619dYwTtvzBDMKkXibGksk15RdxEYtwZAdxviX2CRsq+ysYRkOzepgp/L1Oj/KAwrP19ztyOOLJlkO39pkDvzQ==",
      "dependencies": {
        "tsparticles-engine": "^2.7.1"
      }
    },
    "node_modules/tsparticles-updater-color": {
      "version": "2.7.1",
      "resolved": "https://registry.npmjs.org/tsparticles-updater-color/-/tsparticles-updater-color-2.7.1.tgz",
      "integrity": "sha512-0xxIGdYTpMnG1l6xpCo3FsIlQTuThH+FqsWjtPOb3HTLL7Z2gPbaQAwjVJwZ9VYfIwz3GhdjWXK6P9/iXLBzrA==",
      "dependencies": {
        "tsparticles-engine": "^2.7.1"
      }
    },
    "node_modules/tsparticles-updater-destroy": {
      "version": "2.7.1",
      "resolved": "https://registry.npmjs.org/tsparticles-updater-destroy/-/tsparticles-updater-destroy-2.7.1.tgz",
      "integrity": "sha512-xWV3CXDdVP56nggZipDd5wzkM6lZ6cVjCHuA3UmjkUkV3zEU2mmzAfnKZPjz0w6f+8g6sn7IDlrWD8wL3FKQvA==",
      "dependencies": {
        "tsparticles-engine": "^2.7.1"
      }
    },
    "node_modules/tsparticles-updater-life": {
      "version": "2.7.1",
      "resolved": "https://registry.npmjs.org/tsparticles-updater-life/-/tsparticles-updater-life-2.7.1.tgz",
      "integrity": "sha512-bLgMe/CUo77Fw108EbQ2GN0wb4Y2FXIbpcv3N3wN51eDB6cvqI8rXDYnrKHzfe23Fs9BaZ+8cCMPnsBeASuSPg==",
      "dependencies": {
        "tsparticles-engine": "^2.7.1"
      }
    },
    "node_modules/tsparticles-updater-opacity": {
      "version": "2.7.1",
      "resolved": "https://registry.npmjs.org/tsparticles-updater-opacity/-/tsparticles-updater-opacity-2.7.1.tgz",
      "integrity": "sha512-ELlZHFJZrUaiW+h5x4IZ5Gkog6FaBz9rHdlqcQaXTJnDvdXTR6qe8Au9B6aL6DnOidJ1mRacTf8IcpGchpFqXw==",
      "dependencies": {
        "tsparticles-engine": "^2.7.1"
      }
    },
    "node_modules/tsparticles-updater-out-modes": {
      "version": "2.7.1",
      "resolved": "https://registry.npmjs.org/tsparticles-updater-out-modes/-/tsparticles-updater-out-modes-2.7.1.tgz",
      "integrity": "sha512-HbwFoDFYPv77x6P3uDCgg2WuMXeQnLmd6m3HVSwvsFd5/PDdkunQljGmsEG36ZRHRWIaXtBDq5m5vB15gvlz6Q==",
      "dependencies": {
        "tsparticles-engine": "^2.7.1"
      }
    },
    "node_modules/tsparticles-updater-roll": {
      "version": "2.7.1",
      "resolved": "https://registry.npmjs.org/tsparticles-updater-roll/-/tsparticles-updater-roll-2.7.1.tgz",
      "integrity": "sha512-EP+4waqzufALY+ANUggI+m7UtR+1vkrREYVS7yY4oQNDBGkbx+DMb5GlwAF3R1Q2Y2Q0uBynSiTEE1q0UVaUpw==",
      "dependencies": {
        "tsparticles-engine": "^2.7.1"
      }
    },
    "node_modules/tsparticles-updater-size": {
      "version": "2.7.1",
      "resolved": "https://registry.npmjs.org/tsparticles-updater-size/-/tsparticles-updater-size-2.7.1.tgz",
      "integrity": "sha512-Sy9Tkq8AkdbasxgrCzouMc8triS03ZLJ9vrp0OrKd/15e9oOJ7knTYDZtNb13IgAt2K0gKt5YvXYYTiQBPXveA==",
      "dependencies": {
        "tsparticles-engine": "^2.7.1"
      }
    },
    "node_modules/tsparticles-updater-stroke-color": {
      "version": "2.7.1",
      "resolved": "https://registry.npmjs.org/tsparticles-updater-stroke-color/-/tsparticles-updater-stroke-color-2.7.1.tgz",
      "integrity": "sha512-j+jch5B9DYv8CEG/i45ib5DRn6Jklyfju8bRi5WpFRgQTO4feW/BwGcWbmUY6g048Rl3G4YD6SvQgaDyCj2W3Q==",
      "dependencies": {
        "tsparticles-engine": "^2.7.1"
      }
    },
    "node_modules/tsparticles-updater-tilt": {
      "version": "2.7.1",
      "resolved": "https://registry.npmjs.org/tsparticles-updater-tilt/-/tsparticles-updater-tilt-2.7.1.tgz",
      "integrity": "sha512-AqZDQzEsLzY5dy7mSqJUA3+aG166+3QLwjM1oRrL9ZFR1EM5L6fH72Z69HsIvFD++eCMsmfhRX5NGf/arrH5CQ==",
      "dependencies": {
        "tsparticles-engine": "^2.7.1"
      }
    },
    "node_modules/tsparticles-updater-twinkle": {
      "version": "2.7.1",
      "resolved": "https://registry.npmjs.org/tsparticles-updater-twinkle/-/tsparticles-updater-twinkle-2.7.1.tgz",
      "integrity": "sha512-v/C3UMUzw8T6weV4UC4Mwf31OAcYDcxvhaLUkD5KHOsDJnE/4c5moq743Spu0CURqA73OUxn6Vi1Ow6tAmQH3A==",
      "dependencies": {
        "tsparticles-engine": "^2.7.1"
      }
    },
    "node_modules/tsparticles-updater-wobble": {
      "version": "2.7.1",
      "resolved": "https://registry.npmjs.org/tsparticles-updater-wobble/-/tsparticles-updater-wobble-2.7.1.tgz",
      "integrity": "sha512-dsIFA4bbZZ5cviZFk08x5+E2gDLWm3zximUU1m0yPgtY3TEfdOzkuIFX2qDyhuHzMLWOBojSdezexxfMoIix/w==",
      "dependencies": {
        "tsparticles-engine": "^2.7.1"
      }
    }
  },
  "dependencies": {
    "fast-deep-equal": {
      "version": "3.1.3",
      "resolved": "https://registry.npmjs.org/fast-deep-equal/-/fast-deep-equal-3.1.3.tgz",
      "integrity": "sha512-f3qQ9oQy9j2AhBe/H9VC91wLmKBCCU/gDOnKNAYG5hswO7BLKj09Hc5HYNz9cGI++xlpDCIgDaitVs03ATR84Q=="
    },
    "js-tokens": {
      "version": "4.0.0",
      "resolved": "https://registry.npmjs.org/js-tokens/-/js-tokens-4.0.0.tgz",
      "integrity": "sha512-RdJUflcE3cUzKiMqQgsCu06FPu9UdIJO0beYbPhHN4k6apgJtifcoCtT9bcxOpYBtpD2kCM6Sbzg4CausW/PKQ==",
      "peer": true
    },
    "loose-envify": {
      "version": "1.4.0",
      "resolved": "https://registry.npmjs.org/loose-envify/-/loose-envify-1.4.0.tgz",
      "integrity": "sha512-lyuxPGr/Wfhrlem2CL/UcnUc1zcqKAImBDzukY7Y5F/yQiNdko6+fRLevlw1HgMySw7f611UIY408EtxRSoK3Q==",
      "peer": true,
      "requires": {
        "js-tokens": "^3.0.0 || ^4.0.0"
      }
    },
    "react": {
      "version": "18.2.0",
      "resolved": "https://registry.npmjs.org/react/-/react-18.2.0.tgz",
      "integrity": "sha512-/3IjMdb2L9QbBdWiW5e3P2/npwMBaU9mHCSCUzNln0ZCYbcfTsGbTJrU/kGemdH2IWmB2ioZ+zkxtmq6g09fGQ==",
      "peer": true,
      "requires": {
        "loose-envify": "^1.1.0"
      }
    },
    "react-tsparticles": {
      "version": "2.7.1",
      "resolved": "https://registry.npmjs.org/react-tsparticles/-/react-tsparticles-2.7.1.tgz",
      "integrity": "sha512-r3ogLLkob11KDsXSC8EsvgPgDutmmNOMqYiD1KLRoSz5t1W3WODs3eS370Bzr9bgRjYZSajTHeT5cXMzY1G/Gg==",
      "requires": {
        "fast-deep-equal": "^3.1.3",
        "tsparticles-engine": "^2.7.1"
      }
    },
    "tsparticles": {
      "version": "2.7.1",
      "resolved": "https://registry.npmjs.org/tsparticles/-/tsparticles-2.7.1.tgz",
      "integrity": "sha512-W8hVaUBnXOGHiaJfgFCpgYd0aisp5j4Pv/Oo+K21B5GzpGudi6XbwGAK8GX5x214yQG8VM3+uGUIRnha97DVtg==",
      "requires": {
        "tsparticles-engine": "^2.7.1",
        "tsparticles-interaction-external-trail": "^2.7.1",
        "tsparticles-plugin-absorbers": "^2.7.1",
        "tsparticles-plugin-emitters": "^2.7.1",
        "tsparticles-slim": "^2.7.1",
        "tsparticles-updater-destroy": "^2.7.1",
        "tsparticles-updater-roll": "^2.7.1",
        "tsparticles-updater-tilt": "^2.7.1",
        "tsparticles-updater-twinkle": "^2.7.1",
        "tsparticles-updater-wobble": "^2.7.1"
      }
    },
    "tsparticles-engine": {
      "version": "2.7.1",
      "resolved": "https://registry.npmjs.org/tsparticles-engine/-/tsparticles-engine-2.7.1.tgz",
      "integrity": "sha512-iUjaagXDyYuJi107yADrLegIQ1jHe658JJQUv6+Fd/DRLrmuBU4XrzaxlERv72LHUrZtk1E/WmnOpeIw1AJzFQ=="
    },
    "tsparticles-interaction-external-attract": {
      "version": "2.7.1",
      "resolved": "https://registry.npmjs.org/tsparticles-interaction-external-attract/-/tsparticles-interaction-external-attract-2.7.1.tgz",
      "integrity": "sha512-Jjs4MKajd7RFzwQd8BlyKXLar8RpnmN2g89v9+g0XgsUeh/kw/aDu7kITzX2JbKpSe72jlIt465ZeWprxC5vMw==",
      "requires": {
        "tsparticles-engine": "^2.7.1"
      }
    },
    "tsparticles-interaction-external-bounce": {
      "version": "2.7.1",
      "resolved": "https://registry.npmjs.org/tsparticles-interaction-external-bounce/-/tsparticles-interaction-external-bounce-2.7.1.tgz",
      "integrity": "sha512-HIsuxuLaPcQWByjzysmvOVTgdhgVdFl63IMFuxNUUTiFG5Fbr4e6SwBgjyQzksZCmUzR7k0KczXTQBqSNraCcA==",
      "requires": {
        "tsparticles-engine": "^2.7.1"
      }
    },
    "tsparticles-interaction-external-bubble": {
      "version": "2.7.1",
      "resolved": "https://registry.npmjs.org/tsparticles-interaction-external-bubble/-/tsparticles-interaction-external-bubble-2.7.1.tgz",
      "integrity": "sha512-m1LlIkW/V+uGDDG8q7c0km2BgkUQeBlxyndOPvWiS+61rCruMR/l1nshcss7H+lC7TVOlKPp5VEfdvH1BL2uXg==",
      "requires": {
        "tsparticles-engine": "^2.7.1"
      }
    },
    "tsparticles-interaction-external-connect": {
      "version": "2.7.1",
      "resolved": "https://registry.npmjs.org/tsparticles-interaction-external-connect/-/tsparticles-interaction-external-connect-2.7.1.tgz",
      "integrity": "sha512-U1XQaNpT6vjQ/jc7U78AxMx+Zy5NQeVQmGZKa5hXrHNt974HEmJPFur5zQs2gWVv3p3sCLkXYB86/UU+Zt8lWQ==",
      "requires": {
        "tsparticles-engine": "^2.7.1"
      }
    },
    "tsparticles-interaction-external-grab": {
      "version": "2.7.1",
      "resolved": "https://registry.npmjs.org/tsparticles-interaction-external-grab/-/tsparticles-interaction-external-grab-2.7.1.tgz",
      "integrity": "sha512-SIzcN64zN4us19lddB6P+jygTSK7C9VUxzzhk+Q7FuSB/ThubOZCJZpI79LgRS06N4iCUusbBJKQCv+Otfi3Vg==",
      "requires": {
        "tsparticles-engine": "^2.7.1"
      }
    },
    "tsparticles-interaction-external-pause": {
      "version": "2.7.1",
      "resolved": "https://registry.npmjs.org/tsparticles-interaction-external-pause/-/tsparticles-interaction-external-pause-2.7.1.tgz",
      "integrity": "sha512-pAV84JSELFQQtZd65H7+CbN7V7COSp+SWLfqP7GNMt3U6LDDeHwM0Su9e7QaDd0JO42ofQu8r/P4QBrwBDdRCw==",
      "requires": {
        "tsparticles-engine": "^2.7.1"
      }
    },
    "tsparticles-interaction-external-push": {
      "version": "2.7.1",
      "resolved": "https://registry.npmjs.org/tsparticles-interaction-external-push/-/tsparticles-interaction-external-push-2.7.1.tgz",
      "integrity": "sha512-Ojg7/w2cElZ2qzR78uXDJWiVUxs1yzB5zLaYPFxI3hat63GsX1+1jWL4YMV1cb3BEpzOK+Tck+l+LtBeNQ3sLA==",
      "requires": {
        "tsparticles-engine": "^2.7.1"
      }
    },
    "tsparticles-interaction-external-remove": {
      "version": "2.7.1",
      "resolved": "https://registry.npmjs.org/tsparticles-interaction-external-remove/-/tsparticles-interaction-external-remove-2.7.1.tgz",
      "integrity": "sha512-KJV+WUW2xR+ym4nzgYKIOiKB5a/WZr8aKA6f8ug7xAAPFyTGAye+rWYNf3RdFoziqLe86M+YFOteOg3VKTlrSA==",
      "requires": {
        "tsparticles-engine": "^2.7.1"
      }
    },
    "tsparticles-interaction-external-repulse": {
      "version": "2.7.1",
      "resolved": "https://registry.npmjs.org/tsparticles-interaction-external-repulse/-/tsparticles-interaction-external-repulse-2.7.1.tgz",
      "integrity": "sha512-VThfYODxxhEeuR9oc+914qjTEv0bpG/IDkNLKyCdcr3N/Zf5MJqvrSXmHumPuD6a82lzMUukO12HNVkIUbtTbw==",
      "requires": {
        "tsparticles-engine": "^2.7.1"
      }
    },
    "tsparticles-interaction-external-slow": {
      "version": "2.7.1",
      "resolved": "https://registry.npmjs.org/tsparticles-interaction-external-slow/-/tsparticles-interaction-external-slow-2.7.1.tgz",
      "integrity": "sha512-Gb9xzGrAr2uEB3kvICz8oMjDZ76dJ/yeaLwWIrMnqjcs2xFhc0JpXjHFISxzujvY52O8uTJVzLn6Cq4IaMOHZw==",
      "requires": {
        "tsparticles-engine": "^2.7.1"
      }
    },
    "tsparticles-interaction-external-trail": {
      "version": "2.7.1",
      "resolved": "https://registry.npmjs.org/tsparticles-interaction-external-trail/-/tsparticles-interaction-external-trail-2.7.1.tgz",
      "integrity": "sha512-5iBPCWeEBZTuzyVOZ6+PwZHV8+P4E1I1c4ymnORl4AVznOu9heCe96vNGzH06T7YJpK/aSXtx8ppLRBdRyNvZQ==",
      "requires": {
        "tsparticles-engine": "^2.7.1"
      }
    },
    "tsparticles-interaction-particles-attract": {
      "version": "2.7.1",
      "resolved": "https://registry.npmjs.org/tsparticles-interaction-particles-attract/-/tsparticles-interaction-particles-attract-2.7.1.tgz",
      "integrity": "sha512-DYpO4BdXpKgLczd6Znxh5ma2LL7KYZcDpm28StQUKsnE8Q5QRaMsvXAQMLpUR+3b9fkDswuoxy0lq8RkhMXNuA==",
      "requires": {
        "tsparticles-engine": "^2.7.1"
      }
    },
    "tsparticles-interaction-particles-collisions": {
      "version": "2.7.1",
      "resolved": "https://registry.npmjs.org/tsparticles-interaction-particles-collisions/-/tsparticles-interaction-particles-collisions-2.7.1.tgz",
      "integrity": "sha512-AyVvZxcdb3LUdqxNePRVS9sA0+uP91mZidWwA5xTMfXK7kp3vWyHYKEkSN4BRFs4L3QYjFEgf56LnxKdc4wM0g==",
      "requires": {
        "tsparticles-engine": "^2.7.1"
      }
    },
    "tsparticles-interaction-particles-links": {
      "version": "2.7.1",
      "resolved": "https://registry.npmjs.org/tsparticles-interaction-particles-links/-/tsparticles-interaction-particles-links-2.7.1.tgz",
      "integrity": "sha512-ugHzaONF3sFzD+44oToQbthbewj7HUfakMJ7WS+iba5IF0qmA4d95cuipjhONiiqbgD7zk8uALyeTqZUkFTffw==",
      "requires": {
        "tsparticles-engine": "^2.7.1"
      }
    },
    "tsparticles-move-base": {
      "version": "2.7.1",
      "resolved": "https://registry.npmjs.org/tsparticles-move-base/-/tsparticles-move-base-2.7.1.tgz",
      "integrity": "sha512-RqxMN0j/YzPOABeKNOsvQ9cgGeoQKWV1pl9sInCUzvyOpKjeXtv+dN4+NjF6s78hcVYt3yFKmr4jsaD0RJBpNw==",
      "requires": {
        "tsparticles-engine": "^2.7.1"
      }
    },
    "tsparticles-move-parallax": {
      "version": "2.7.1",
      "resolved": "https://registry.npmjs.org/tsparticles-move-parallax/-/tsparticles-move-parallax-2.7.1.tgz",
      "integrity": "sha512-B4D8FTDzaR6vpY9+aCa2pBZhqsHgijdrIuH7QgzF4Q2AWULeYfXwaA1SHf7krY9jwHPKDUfHI5QqpcRyzEu7Xg==",
      "requires": {
        "tsparticles-engine": "^2.7.1"
      }
    },
    "tsparticles-particles.js": {
      "version": "2.7.1",
      "resolved": "https://registry.npmjs.org/tsparticles-particles.js/-/tsparticles-particles.js-2.7.1.tgz",
      "integrity": "sha512-sHK9clm2qUJbxqra7djl2x7ZIY6QHUGMNGq4HF7K33i/vzjcN3ODZMqITAX+GNz9OuqViF9q9HZ20Z4nwxUl/g==",
      "requires": {
        "tsparticles-engine": "^2.7.1"
      }
    },
    "tsparticles-plugin-absorbers": {
      "version": "2.7.1",
      "resolved": "https://registry.npmjs.org/tsparticles-plugin-absorbers/-/tsparticles-plugin-absorbers-2.7.1.tgz",
      "integrity": "sha512-nh0MOSdYTkEsl/hIrxUCRV/9mRvh1LJjHKIAHg/V/5S03xITLF3Au9PaUrH4q9hoZbKinQqfW/+TWcfdDHVmrQ==",
      "requires": {
        "tsparticles-engine": "^2.7.1"
      }
    },
    "tsparticles-plugin-easing-quad": {
      "version": "2.7.1",
      "resolved": "https://registry.npmjs.org/tsparticles-plugin-easing-quad/-/tsparticles-plugin-easing-quad-2.7.1.tgz",
      "integrity": "sha512-nM7gffi7cvVxL0Xa50FG9Lk72F2Q1pOeMroGVZgb0reDtlUgihGXrZwW2shnrSa6/owDrFMpi5T0UaDbyS5JOg==",
      "requires": {
        "tsparticles-engine": "^2.7.1"
      }
    },
    "tsparticles-plugin-emitters": {
      "version": "2.7.1",
      "resolved": "https://registry.npmjs.org/tsparticles-plugin-emitters/-/tsparticles-plugin-emitters-2.7.1.tgz",
      "integrity": "sha512-8R8KZw/MewiJQm/551KVgJvGtcxotZY6OveXWGvRkZmrrkBprJnxZH7CbQuQ7u/8Vy6HTJ1kBhr4XpxRAIumfA==",
      "requires": {
        "tsparticles-engine": "^2.7.1"
      }
    },
    "tsparticles-shape-circle": {
      "version": "2.7.1",
      "resolved": "https://registry.npmjs.org/tsparticles-shape-circle/-/tsparticles-shape-circle-2.7.1.tgz",
      "integrity": "sha512-rTNjH8EwP1tL+oOqgu8b0FDdhGKXDPBVqRIew6H3APVVP/5HNbVb9fwpBPLvHtHC0cpfg/WgXanx9QqZxrEXWQ==",
      "requires": {
        "tsparticles-engine": "^2.7.1"
      }
    },
    "tsparticles-shape-image": {
      "version": "2.7.1",
      "resolved": "https://registry.npmjs.org/tsparticles-shape-image/-/tsparticles-shape-image-2.7.1.tgz",
      "integrity": "sha512-mvzd0hwTdYNe7+wh7+u5hG0v0DmTVnk3zAAcKmv7lR5qesW3mms2GntwhmyV/CSThYsk33T25fl5xa7G7ZKQVg==",
      "requires": {
        "tsparticles-engine": "^2.7.1"
      }
    },
    "tsparticles-shape-line": {
      "version": "2.7.1",
      "resolved": "https://registry.npmjs.org/tsparticles-shape-line/-/tsparticles-shape-line-2.7.1.tgz",
      "integrity": "sha512-u1/OeVM3zKGZWzPlX2qxh8MvAZP6D96NtlRLfa2akX4HD2gfVgSucocdFAIaXnVrtTdWK7YQeMmyaj+j9SRwpA==",
      "requires": {
        "tsparticles-engine": "^2.7.1"
      }
    },
    "tsparticles-shape-polygon": {
      "version": "2.7.1",
      "resolved": "https://registry.npmjs.org/tsparticles-shape-polygon/-/tsparticles-shape-polygon-2.7.1.tgz",
      "integrity": "sha512-8F7MGEeiAEbQPQiNtUTjzju42bv7vyb0JFc+HpZaEQCYKOOOkpo6hBCok/PLJ1Gu6n/86LrbXcbOc2X1cA1Ovw==",
      "requires": {
        "tsparticles-engine": "^2.7.1"
      }
    },
    "tsparticles-shape-square": {
      "version": "2.7.1",
      "resolved": "https://registry.npmjs.org/tsparticles-shape-square/-/tsparticles-shape-square-2.7.1.tgz",
      "integrity": "sha512-HMsQVO8D+oMVMP74Q8HFje3oP6bEcu9hse78osLgFCmm6/FDtJw+qk41e8I6GHSKBXYN5o5J3bInUk5yJdWtPQ==",
      "requires": {
        "tsparticles-engine": "^2.7.1"
      }
    },
    "tsparticles-shape-star": {
      "version": "2.7.1",
      "resolved": "https://registry.npmjs.org/tsparticles-shape-star/-/tsparticles-shape-star-2.7.1.tgz",
      "integrity": "sha512-mrFeQut1RH3YytCNsdOApeH+ow+4bwUQQuyNwbdRGZbElaRtAm4DzLMpHl50okoSs8Z9e1gFK1HAXxb8FOmCWg==",
      "requires": {
        "tsparticles-engine": "^2.7.1"
      }
    },
    "tsparticles-shape-text": {
      "version": "2.7.1",
      "resolved": "https://registry.npmjs.org/tsparticles-shape-text/-/tsparticles-shape-text-2.7.1.tgz",
      "integrity": "sha512-ZX/c4EHDdPKZsdHegwrmHQCAzyzzG30dLEMq1AUtgn0DW75TpgVRAGooBmwInYUBlyZJ/3T3OA38vVlpUAD4oQ==",
      "requires": {
        "tsparticles-engine": "^2.7.1"
      }
    },
    "tsparticles-slim": {
      "version": "2.7.1",
      "resolved": "https://registry.npmjs.org/tsparticles-slim/-/tsparticles-slim-2.7.1.tgz",
      "integrity": "sha512-OqXFceVKnevz67V9Mglc2DgloxU047D3jjlBlb1Yz1/i6s60lAu+XigFyQtagcnYDTxNuuI2vJzP+sewT+22uw==",
      "requires": {
        "tsparticles-engine": "^2.7.1",
        "tsparticles-interaction-external-attract": "^2.7.1",
        "tsparticles-interaction-external-bounce": "^2.7.1",
        "tsparticles-interaction-external-bubble": "^2.7.1",
        "tsparticles-interaction-external-connect": "^2.7.1",
        "tsparticles-interaction-external-grab": "^2.7.1",
        "tsparticles-interaction-external-pause": "^2.7.1",
        "tsparticles-interaction-external-push": "^2.7.1",
        "tsparticles-interaction-external-remove": "^2.7.1",
        "tsparticles-interaction-external-repulse": "^2.7.1",
        "tsparticles-interaction-external-slow": "^2.7.1",
        "tsparticles-interaction-particles-attract": "^2.7.1",
        "tsparticles-interaction-particles-collisions": "^2.7.1",
        "tsparticles-interaction-particles-links": "^2.7.1",
        "tsparticles-move-base": "^2.7.1",
        "tsparticles-move-parallax": "^2.7.1",
        "tsparticles-particles.js": "^2.7.1",
        "tsparticles-plugin-easing-quad": "^2.7.1",
        "tsparticles-shape-circle": "^2.7.1",
        "tsparticles-shape-image": "^2.7.1",
        "tsparticles-shape-line": "^2.7.1",
        "tsparticles-shape-polygon": "^2.7.1",
        "tsparticles-shape-square": "^2.7.1",
        "tsparticles-shape-star": "^2.7.1",
        "tsparticles-shape-text": "^2.7.1",
        "tsparticles-updater-angle": "^2.7.1",
        "tsparticles-updater-color": "^2.7.1",
        "tsparticles-updater-life": "^2.7.1",
        "tsparticles-updater-opacity": "^2.7.1",
        "tsparticles-updater-out-modes": "^2.7.1",
        "tsparticles-updater-size": "^2.7.1",
        "tsparticles-updater-stroke-color": "^2.7.1"
      }
    },
    "tsparticles-updater-angle": {
      "version": "2.7.1",
      "resolved": "https://registry.npmjs.org/tsparticles-updater-angle/-/tsparticles-updater-angle-2.7.1.tgz",
      "integrity": "sha512-619dYwTtvzBDMKkXibGksk15RdxEYtwZAdxviX2CRsq+ysYRkOzepgp/L1Oj/KAwrP19ztyOOLJlkO39pkDvzQ==",
      "requires": {
        "tsparticles-engine": "^2.7.1"
      }
    },
    "tsparticles-updater-color": {
      "version": "2.7.1",
      "resolved": "https://registry.npmjs.org/tsparticles-updater-color/-/tsparticles-updater-color-2.7.1.tgz",
      "integrity": "sha512-0xxIGdYTpMnG1l6xpCo3FsIlQTuThH+FqsWjtPOb3HTLL7Z2gPbaQAwjVJwZ9VYfIwz3GhdjWXK6P9/iXLBzrA==",
      "requires": {
        "tsparticles-engine": "^2.7.1"
      }
    },
    "tsparticles-updater-destroy": {
      "version": "2.7.1",
      "resolved": "https://registry.npmjs.org/tsparticles-updater-destroy/-/tsparticles-updater-destroy-2.7.1.tgz",
      "integrity": "sha512-xWV3CXDdVP56nggZipDd5wzkM6lZ6cVjCHuA3UmjkUkV3zEU2mmzAfnKZPjz0w6f+8g6sn7IDlrWD8wL3FKQvA==",
      "requires": {
        "tsparticles-engine": "^2.7.1"
      }
    },
    "tsparticles-updater-life": {
      "version": "2.7.1",
      "resolved": "https://registry.npmjs.org/tsparticles-updater-life/-/tsparticles-updater-life-2.7.1.tgz",
      "integrity": "sha512-bLgMe/CUo77Fw108EbQ2GN0wb4Y2FXIbpcv3N3wN51eDB6cvqI8rXDYnrKHzfe23Fs9BaZ+8cCMPnsBeASuSPg==",
      "requires": {
        "tsparticles-engine": "^2.7.1"
      }
    },
    "tsparticles-updater-opacity": {
      "version": "2.7.1",
      "resolved": "https://registry.npmjs.org/tsparticles-updater-opacity/-/tsparticles-updater-opacity-2.7.1.tgz",
      "integrity": "sha512-ELlZHFJZrUaiW+h5x4IZ5Gkog6FaBz9rHdlqcQaXTJnDvdXTR6qe8Au9B6aL6DnOidJ1mRacTf8IcpGchpFqXw==",
      "requires": {
        "tsparticles-engine": "^2.7.1"
      }
    },
    "tsparticles-updater-out-modes": {
      "version": "2.7.1",
      "resolved": "https://registry.npmjs.org/tsparticles-updater-out-modes/-/tsparticles-updater-out-modes-2.7.1.tgz",
      "integrity": "sha512-HbwFoDFYPv77x6P3uDCgg2WuMXeQnLmd6m3HVSwvsFd5/PDdkunQljGmsEG36ZRHRWIaXtBDq5m5vB15gvlz6Q==",
      "requires": {
        "tsparticles-engine": "^2.7.1"
      }
    },
    "tsparticles-updater-roll": {
      "version": "2.7.1",
      "resolved": "https://registry.npmjs.org/tsparticles-updater-roll/-/tsparticles-updater-roll-2.7.1.tgz",
      "integrity": "sha512-EP+4waqzufALY+ANUggI+m7UtR+1vkrREYVS7yY4oQNDBGkbx+DMb5GlwAF3R1Q2Y2Q0uBynSiTEE1q0UVaUpw==",
      "requires": {
        "tsparticles-engine": "^2.7.1"
      }
    },
    "tsparticles-updater-size": {
      "version": "2.7.1",
      "resolved": "https://registry.npmjs.org/tsparticles-updater-size/-/tsparticles-updater-size-2.7.1.tgz",
      "integrity": "sha512-Sy9Tkq8AkdbasxgrCzouMc8triS03ZLJ9vrp0OrKd/15e9oOJ7knTYDZtNb13IgAt2K0gKt5YvXYYTiQBPXveA==",
      "requires": {
        "tsparticles-engine": "^2.7.1"
      }
    },
    "tsparticles-updater-stroke-color": {
      "version": "2.7.1",
      "resolved": "https://registry.npmjs.org/tsparticles-updater-stroke-color/-/tsparticles-updater-stroke-color-2.7.1.tgz",
      "integrity": "sha512-j+jch5B9DYv8CEG/i45ib5DRn6Jklyfju8bRi5WpFRgQTO4feW/BwGcWbmUY6g048Rl3G4YD6SvQgaDyCj2W3Q==",
      "requires": {
        "tsparticles-engine": "^2.7.1"
      }
    },
    "tsparticles-updater-tilt": {
      "version": "2.7.1",
      "resolved": "https://registry.npmjs.org/tsparticles-updater-tilt/-/tsparticles-updater-tilt-2.7.1.tgz",
      "integrity": "sha512-AqZDQzEsLzY5dy7mSqJUA3+aG166+3QLwjM1oRrL9ZFR1EM5L6fH72Z69HsIvFD++eCMsmfhRX5NGf/arrH5CQ==",
      "requires": {
        "tsparticles-engine": "^2.7.1"
      }
    },
    "tsparticles-updater-twinkle": {
      "version": "2.7.1",
      "resolved": "https://registry.npmjs.org/tsparticles-updater-twinkle/-/tsparticles-updater-twinkle-2.7.1.tgz",
      "integrity": "sha512-v/C3UMUzw8T6weV4UC4Mwf31OAcYDcxvhaLUkD5KHOsDJnE/4c5moq743Spu0CURqA73OUxn6Vi1Ow6tAmQH3A==",
      "requires": {
        "tsparticles-engine": "^2.7.1"
      }
    },
    "tsparticles-updater-wobble": {
      "version": "2.7.1",
      "resolved": "https://registry.npmjs.org/tsparticles-updater-wobble/-/tsparticles-updater-wobble-2.7.1.tgz",
      "integrity": "sha512-dsIFA4bbZZ5cviZFk08x5+E2gDLWm3zximUU1m0yPgtY3TEfdOzkuIFX2qDyhuHzMLWOBojSdezexxfMoIix/w==",
      "requires": {
        "tsparticles-engine": "^2.7.1"
      }
    }
  }
}
